
Microsoft Visual Studio Solution File, Format Version 11.00
# Visual Studio 2010
Project("{FAE04EC0-301F-11D3-BF4B-00C04F79EFBC}") = "MvxTabs.Core", "MvxTabs.Core\MvxTabs.Core.csproj", "{66C6A71C-C111-467D-AD65-14CD09C9E2B3}"
EndProject
Project("{FAE04EC0-301F-11D3-BF4B-00C04F79EFBC}") = "MvxTabs.Droid", "MvxTabs.Droid\MvxTabs.Droid.csproj", "{F0CB8C44-772D-4E56-80B6-1681787370A4}"
EndProject
Project("{2150E333-8FDC-42A3-9474-1A3956D46DE8}") = "Mvx", "Mvx", "{601985E7-A534-481D-99D8-A3C3FF7E8A75}"
EndProject
Project("{FAE04EC0-301F-11D3-BF4B-00C04F79EFBC}") = "Cirrious.MvvmCross", "..\MvvmCross\Cirrious\Cirrious.MvvmCross\Cirrious.MvvmCross.csproj", "{B6E27475-E7D0-448C-A5CC-5097DCA1E2DD}"
EndProject
Project("{FAE04EC0-301F-11D3-BF4B-00C04F79EFBC}") = "Cirrious.CrossCore", "..\MvvmCross\CrossCore\Cirrious.CrossCore\Cirrious.CrossCore.csproj", "{CFF6F25A-3C3B-44EE-A54C-2ED4AAFF3ADB}"
EndProject
Project("{FAE04EC0-301F-11D3-BF4B-00C04F79EFBC}") = "Cirrious.CrossCore.Droid", "..\MvvmCross\CrossCore\Cirrious.CrossCore.Droid\Cirrious.CrossCore.Droid.csproj", "{CAF8935F-56FE-4485-9D34-4A38FE79F6C9}"
EndProject
Project("{FAE04EC0-301F-11D3-BF4B-00C04F79EFBC}") = "Cirrious.MvvmCross.Droid", "..\MvvmCross\Cirrious\Cirrious.MvvmCross.Droid\Cirrious.MvvmCross.Droid.csproj", "{7A6BE137-D0F1-46A1-AE5C-81FAEEDDDF02}"
EndProject
Project("{FAE04EC0-301F-11D3-BF4B-00C04F79EFBC}") = "Cirrious.MvvmCross.Binding", "..\MvvmCross\Cirrious\Cirrious.MvvmCross.Binding\Cirrious.MvvmCross.Binding.csproj", "{64DCD397-9019-41E8-A928-E5F5C5DF185B}"
EndProject
Project("{FAE04EC0-301F-11D3-BF4B-00C04F79EFBC}") = "Cirrious.MvvmCross.Localization", "..\MvvmCross\Cirrious\Cirrious.MvvmCross.Localization\Cirrious.MvvmCross.Localization.csproj", "{D89351C1-D48F-4AD0-A0B9-353A93425AB7}"
EndProject
Project("{FAE04EC0-301F-11D3-BF4B-00C04F79EFBC}") = "System.Windows.Droid", "..\MvvmCross\PortableSupport\System.Windows\System.Windows.Droid.csproj", "{72D13EE1-53A3-4A9F-9281-AE44CC5E92AC}"
EndProject
Project("{FAE04EC0-301F-11D3-BF4B-00C04F79EFBC}") = "Cirrious.MvvmCross.Binding.Droid", "..\MvvmCross\Cirrious\Cirrious.MvvmCross.Binding.Droid\Cirrious.MvvmCross.Binding.Droid.csproj", "{47FD89C3-19DC-4BD2-9B6D-FB8363BE7EB9}"
EndProject
Project("{FAE04EC0-301F-11D3-BF4B-00C04F79EFBC}") = "Cirrious.MvvmCross.Droid.Fragging", "..\MvvmCross\Cirrious\Cirrious.MvvmCross.Droid.Fragging\Cirrious.MvvmCross.Droid.Fragging.csproj", "{5B74F15E-E377-4662-9636-4233049EDDC3}"
EndProject
Project("{FAE04EC0-301F-11D3-BF4B-00C04F79EFBC}") = "Cirrious.CrossCore.Touch", "..\MvvmCross\CrossCore\Cirrious.CrossCore.Touch\Cirrious.CrossCore.Touch.csproj", "{BBBCD850-E7CB-4B6C-86D9-CE01F2B1C81C}"
EndProject
Project("{FAE04EC0-301F-11D3-BF4B-00C04F79EFBC}") = "Cirrious.MvvmCross.Binding.Touch", "..\MvvmCross\Cirrious\Cirrious.MvvmCross.Binding.Touch\Cirrious.MvvmCross.Binding.Touch.csproj", "{913B13B5-7B2C-4DDA-BECB-DADC827ED895}"
EndProject
Project("{FAE04EC0-301F-11D3-BF4B-00C04F79EFBC}") = "Cirrious.MvvmCross.Touch", "..\MvvmCross\Cirrious\Cirrious.MvvmCross.Touch\Cirrious.MvvmCross.Touch.csproj", "{E042EDD9-E89D-4928-BF4D-27F0FC29CEDA}"
EndProject
Project("{FAE04EC0-301F-11D3-BF4B-00C04F79EFBC}") = "MvxTabs.Touch", "MvxTabs.Touch\MvxTabs.Touch.csproj", "{B5957E89-12EC-4460-B136-459F663019F0}"
EndProject
Global
	GlobalSection(SolutionConfigurationPlatforms) = preSolution
		Debug|Any CPU = Debug|Any CPU
		Release|Any CPU = Release|Any CPU
		Debug|iPhoneSimulator = Debug|iPhoneSimulator
		Release|iPhoneSimulator = Release|iPhoneSimulator
		Debug|iPhone = Debug|iPhone
		Release|iPhone = Release|iPhone
		Ad-Hoc|iPhone = Ad-Hoc|iPhone
		AppStore|iPhone = AppStore|iPhone
	EndGlobalSection
	GlobalSection(ProjectConfigurationPlatforms) = postSolution
		{47FD89C3-19DC-4BD2-9B6D-FB8363BE7EB9}.Ad-Hoc|iPhone.ActiveCfg = Ad-Hoc|Any CPU
		{47FD89C3-19DC-4BD2-9B6D-FB8363BE7EB9}.AppStore|iPhone.ActiveCfg = AppStore|Any CPU
		{47FD89C3-19DC-4BD2-9B6D-FB8363BE7EB9}.Debug|Any CPU.ActiveCfg = Debug|Any CPU
		{47FD89C3-19DC-4BD2-9B6D-FB8363BE7EB9}.Debug|Any CPU.Build.0 = Debug|Any CPU
		{47FD89C3-19DC-4BD2-9B6D-FB8363BE7EB9}.Debug|iPhone.ActiveCfg = Debug|Any CPU
		{47FD89C3-19DC-4BD2-9B6D-FB8363BE7EB9}.Debug|iPhoneSimulator.ActiveCfg = Debug|Any CPU
		{47FD89C3-19DC-4BD2-9B6D-FB8363BE7EB9}.Release|Any CPU.ActiveCfg = Release|Any CPU
		{47FD89C3-19DC-4BD2-9B6D-FB8363BE7EB9}.Release|Any CPU.Build.0 = Release|Any CPU
		{47FD89C3-19DC-4BD2-9B6D-FB8363BE7EB9}.Release|iPhone.ActiveCfg = Release|Any CPU
		{47FD89C3-19DC-4BD2-9B6D-FB8363BE7EB9}.Release|iPhoneSimulator.ActiveCfg = Release|Any CPU
		{5B74F15E-E377-4662-9636-4233049EDDC3}.Ad-Hoc|iPhone.ActiveCfg = Ad-Hoc|Any CPU
		{5B74F15E-E377-4662-9636-4233049EDDC3}.AppStore|iPhone.ActiveCfg = AppStore|Any CPU
		{5B74F15E-E377-4662-9636-4233049EDDC3}.Debug|Any CPU.ActiveCfg = Debug|Any CPU
		{5B74F15E-E377-4662-9636-4233049EDDC3}.Debug|Any CPU.Build.0 = Debug|Any CPU
		{5B74F15E-E377-4662-9636-4233049EDDC3}.Debug|iPhone.ActiveCfg = Debug|Any CPU
		{5B74F15E-E377-4662-9636-4233049EDDC3}.Debug|iPhoneSimulator.ActiveCfg = Debug|Any CPU
		{5B74F15E-E377-4662-9636-4233049EDDC3}.Release|Any CPU.ActiveCfg = Release|Any CPU
		{5B74F15E-E377-4662-9636-4233049EDDC3}.Release|Any CPU.Build.0 = Release|Any CPU
		{5B74F15E-E377-4662-9636-4233049EDDC3}.Release|iPhone.ActiveCfg = Release|Any CPU
		{5B74F15E-E377-4662-9636-4233049EDDC3}.Release|iPhoneSimulator.ActiveCfg = Release|Any CPU
		{64DCD397-9019-41E8-A928-E5F5C5DF185B}.Ad-Hoc|iPhone.ActiveCfg = Debug|Any CPU
		{64DCD397-9019-41E8-A928-E5F5C5DF185B}.Ad-Hoc|iPhone.Build.0 = Debug|Any CPU
		{64DCD397-9019-41E8-A928-E5F5C5DF185B}.AppStore|iPhone.ActiveCfg = Debug|Any CPU
		{64DCD397-9019-41E8-A928-E5F5C5DF185B}.AppStore|iPhone.Build.0 = Debug|Any CPU
		{64DCD397-9019-41E8-A928-E5F5C5DF185B}.Debug|Any CPU.ActiveCfg = Debug|Any CPU
		{64DCD397-9019-41E8-A928-E5F5C5DF185B}.Debug|Any CPU.Build.0 = Debug|Any CPU
		{64DCD397-9019-41E8-A928-E5F5C5DF185B}.Debug|iPhone.ActiveCfg = Debug|Any CPU
		{64DCD397-9019-41E8-A928-E5F5C5DF185B}.Debug|iPhone.Build.0 = Debug|Any CPU
		{64DCD397-9019-41E8-A928-E5F5C5DF185B}.Debug|iPhoneSimulator.ActiveCfg = Debug|Any CPU
		{64DCD397-9019-41E8-A928-E5F5C5DF185B}.Debug|iPhoneSimulator.Build.0 = Debug|Any CPU
		{64DCD397-9019-41E8-A928-E5F5C5DF185B}.Release|Any CPU.ActiveCfg = Release|Any CPU
		{64DCD397-9019-41E8-A928-E5F5C5DF185B}.Release|Any CPU.Build.0 = Release|Any CPU
		{64DCD397-9019-41E8-A928-E5F5C5DF185B}.Release|iPhone.ActiveCfg = Release|Any CPU
		{64DCD397-9019-41E8-A928-E5F5C5DF185B}.Release|iPhone.Build.0 = Release|Any CPU
		{64DCD397-9019-41E8-A928-E5F5C5DF185B}.Release|iPhoneSimulator.ActiveCfg = Release|Any CPU
		{64DCD397-9019-41E8-A928-E5F5C5DF185B}.Release|iPhoneSimulator.Build.0 = Release|Any CPU
		{66C6A71C-C111-467D-AD65-14CD09C9E2B3}.Ad-Hoc|iPhone.ActiveCfg = Debug|Any CPU
		{66C6A71C-C111-467D-AD65-14CD09C9E2B3}.Ad-Hoc|iPhone.Build.0 = Debug|Any CPU
		{66C6A71C-C111-467D-AD65-14CD09C9E2B3}.AppStore|iPhone.ActiveCfg = Debug|Any CPU
		{66C6A71C-C111-467D-AD65-14CD09C9E2B3}.AppStore|iPhone.Build.0 = Debug|Any CPU
		{66C6A71C-C111-467D-AD65-14CD09C9E2B3}.Debug|Any CPU.ActiveCfg = Debug|Any CPU
		{66C6A71C-C111-467D-AD65-14CD09C9E2B3}.Debug|Any CPU.Build.0 = Debug|Any CPU
		{66C6A71C-C111-467D-AD65-14CD09C9E2B3}.Debug|iPhone.ActiveCfg = Debug|Any CPU
		{66C6A71C-C111-467D-AD65-14CD09C9E2B3}.Debug|iPhone.Build.0 = Debug|Any CPU
		{66C6A71C-C111-467D-AD65-14CD09C9E2B3}.Debug|iPhoneSimulator.ActiveCfg = Debug|Any CPU
		{66C6A71C-C111-467D-AD65-14CD09C9E2B3}.Debug|iPhoneSimulator.Build.0 = Debug|Any CPU
		{66C6A71C-C111-467D-AD65-14CD09C9E2B3}.Release|Any CPU.ActiveCfg = Release|Any CPU
		{66C6A71C-C111-467D-AD65-14CD09C9E2B3}.Release|Any CPU.Build.0 = Release|Any CPU
		{66C6A71C-C111-467D-AD65-14CD09C9E2B3}.Release|iPhone.ActiveCfg = Release|Any CPU
		{66C6A71C-C111-467D-AD65-14CD09C9E2B3}.Release|iPhone.Build.0 = Release|Any CPU
		{66C6A71C-C111-467D-AD65-14CD09C9E2B3}.Release|iPhoneSimulator.ActiveCfg = Release|Any CPU
		{66C6A71C-C111-467D-AD65-14CD09C9E2B3}.Release|iPhoneSimulator.Build.0 = Release|Any CPU
		{72D13EE1-53A3-4A9F-9281-AE44CC5E92AC}.Ad-Hoc|iPhone.ActiveCfg = Ad-Hoc|Any CPU
		{72D13EE1-53A3-4A9F-9281-AE44CC5E92AC}.AppStore|iPhone.ActiveCfg = AppStore|Any CPU
		{72D13EE1-53A3-4A9F-9281-AE44CC5E92AC}.Debug|Any CPU.ActiveCfg = Debug|Any CPU
		{72D13EE1-53A3-4A9F-9281-AE44CC5E92AC}.Debug|Any CPU.Build.0 = Debug|Any CPU
		{72D13EE1-53A3-4A9F-9281-AE44CC5E92AC}.Debug|iPhone.ActiveCfg = Debug|Any CPU
		{72D13EE1-53A3-4A9F-9281-AE44CC5E92AC}.Debug|iPhoneSimulator.ActiveCfg = Debug|Any CPU
		{72D13EE1-53A3-4A9F-9281-AE44CC5E92AC}.Release|Any CPU.ActiveCfg = Release|Any CPU
		{72D13EE1-53A3-4A9F-9281-AE44CC5E92AC}.Release|Any CPU.Build.0 = Release|Any CPU
		{72D13EE1-53A3-4A9F-9281-AE44CC5E92AC}.Release|iPhone.ActiveCfg = Release|Any CPU
		{72D13EE1-53A3-4A9F-9281-AE44CC5E92AC}.Release|iPhoneSimulator.ActiveCfg = Release|Any CPU
		{7A6BE137-D0F1-46A1-AE5C-81FAEEDDDF02}.Ad-Hoc|iPhone.ActiveCfg = Ad-Hoc|Any CPU
		{7A6BE137-D0F1-46A1-AE5C-81FAEEDDDF02}.AppStore|iPhone.ActiveCfg = AppStore|Any CPU
		{7A6BE137-D0F1-46A1-AE5C-81FAEEDDDF02}.Debug|Any CPU.ActiveCfg = Debug|Any CPU
		{7A6BE137-D0F1-46A1-AE5C-81FAEEDDDF02}.Debug|Any CPU.Build.0 = Debug|Any CPU
		{7A6BE137-D0F1-46A1-AE5C-81FAEEDDDF02}.Debug|iPhone.ActiveCfg = Debug|Any CPU
		{7A6BE137-D0F1-46A1-AE5C-81FAEEDDDF02}.Debug|iPhoneSimulator.ActiveCfg = Debug|Any CPU
		{7A6BE137-D0F1-46A1-AE5C-81FAEEDDDF02}.Release|Any CPU.ActiveCfg = Release|Any CPU
		{7A6BE137-D0F1-46A1-AE5C-81FAEEDDDF02}.Release|Any CPU.Build.0 = Release|Any CPU
		{7A6BE137-D0F1-46A1-AE5C-81FAEEDDDF02}.Release|iPhone.ActiveCfg = Release|Any CPU
		{7A6BE137-D0F1-46A1-AE5C-81FAEEDDDF02}.Release|iPhoneSimulator.ActiveCfg = Release|Any CPU
		{913B13B5-7B2C-4DDA-BECB-DADC827ED895}.Ad-Hoc|iPhone.ActiveCfg = Debug|Any CPU
		{913B13B5-7B2C-4DDA-BECB-DADC827ED895}.Ad-Hoc|iPhone.Build.0 = Debug|Any CPU
		{913B13B5-7B2C-4DDA-BECB-DADC827ED895}.AppStore|iPhone.ActiveCfg = Debug|Any CPU
		{913B13B5-7B2C-4DDA-BECB-DADC827ED895}.AppStore|iPhone.Build.0 = Debug|Any CPU
		{913B13B5-7B2C-4DDA-BECB-DADC827ED895}.Debug|Any CPU.ActiveCfg = Debug|Any CPU
		{913B13B5-7B2C-4DDA-BECB-DADC827ED895}.Debug|Any CPU.Build.0 = Debug|Any CPU
		{913B13B5-7B2C-4DDA-BECB-DADC827ED895}.Debug|iPhone.ActiveCfg = Debug|Any CPU
		{913B13B5-7B2C-4DDA-BECB-DADC827ED895}.Debug|iPhone.Build.0 = Debug|Any CPU
		{913B13B5-7B2C-4DDA-BECB-DADC827ED895}.Debug|iPhoneSimulator.ActiveCfg = Debug|Any CPU
		{913B13B5-7B2C-4DDA-BECB-DADC827ED895}.Debug|iPhoneSimulator.Build.0 = Debug|Any CPU
		{913B13B5-7B2C-4DDA-BECB-DADC827ED895}.Release|Any CPU.ActiveCfg = Release|Any CPU
		{913B13B5-7B2C-4DDA-BECB-DADC827ED895}.Release|Any CPU.Build.0 = Release|Any CPU
		{913B13B5-7B2C-4DDA-BECB-DADC827ED895}.Release|iPhone.ActiveCfg = Release|Any CPU
		{913B13B5-7B2C-4DDA-BECB-DADC827ED895}.Release|iPhone.Build.0 = Release|Any CPU
		{913B13B5-7B2C-4DDA-BECB-DADC827ED895}.Release|iPhoneSimulator.ActiveCfg = Release|Any CPU
		{913B13B5-7B2C-4DDA-BECB-DADC827ED895}.Release|iPhoneSimulator.Build.0 = Release|Any CPU
		{B5957E89-12EC-4460-B136-459F663019F0}.Ad-Hoc|iPhone.ActiveCfg = Ad-Hoc|iPhone
		{B5957E89-12EC-4460-B136-459F663019F0}.Ad-Hoc|iPhone.Build.0 = Ad-Hoc|iPhone
		{B5957E89-12EC-4460-B136-459F663019F0}.AppStore|iPhone.ActiveCfg = AppStore|iPhone
		{B5957E89-12EC-4460-B136-459F663019F0}.AppStore|iPhone.Build.0 = AppStore|iPhone
		{B5957E89-12EC-4460-B136-459F663019F0}.Debug|Any CPU.ActiveCfg = Debug|iPhoneSimulator
		{B5957E89-12EC-4460-B136-459F663019F0}.Debug|Any CPU.Build.0 = Debug|iPhoneSimulator
		{B5957E89-12EC-4460-B136-459F663019F0}.Debug|iPhone.ActiveCfg = Debug|iPhone
		{B5957E89-12EC-4460-B136-459F663019F0}.Debug|iPhone.Build.0 = Debug|iPhone
		{B5957E89-12EC-4460-B136-459F663019F0}.Debug|iPhoneSimulator.ActiveCfg = Debug|iPhoneSimulator
		{B5957E89-12EC-4460-B136-459F663019F0}.Debug|iPhoneSimulator.Build.0 = Debug|iPhoneSimulator
		{B5957E89-12EC-4460-B136-459F663019F0}.Release|Any CPU.ActiveCfg = Release|iPhoneSimulator
		{B5957E89-12EC-4460-B136-459F663019F0}.Release|Any CPU.Build.0 = Release|iPhoneSimulator
		{B5957E89-12EC-4460-B136-459F663019F0}.Release|iPhone.ActiveCfg = Release|iPhone
		{B5957E89-12EC-4460-B136-459F663019F0}.Release|iPhone.Build.0 = Release|iPhone
		{B5957E89-12EC-4460-B136-459F663019F0}.Release|iPhoneSimulator.ActiveCfg = Release|iPhoneSimulator
		{B5957E89-12EC-4460-B136-459F663019F0}.Release|iPhoneSimulator.Build.0 = Release|iPhoneSimulator
		{B6E27475-E7D0-448C-A5CC-5097DCA1E2DD}.Ad-Hoc|iPhone.ActiveCfg = Debug|Any CPU
		{B6E27475-E7D0-448C-A5CC-5097DCA1E2DD}.Ad-Hoc|iPhone.Build.0 = Debug|Any CPU
		{B6E27475-E7D0-448C-A5CC-5097DCA1E2DD}.AppStore|iPhone.ActiveCfg = Debug|Any CPU
		{B6E27475-E7D0-448C-A5CC-5097DCA1E2DD}.AppStore|iPhone.Build.0 = Debug|Any CPU
		{B6E27475-E7D0-448C-A5CC-5097DCA1E2DD}.Debug|Any CPU.ActiveCfg = Debug|Any CPU
		{B6E27475-E7D0-448C-A5CC-5097DCA1E2DD}.Debug|Any CPU.Build.0 = Debug|Any CPU
		{B6E27475-E7D0-448C-A5CC-5097DCA1E2DD}.Debug|iPhone.ActiveCfg = Debug|Any CPU
		{B6E27475-E7D0-448C-A5CC-5097DCA1E2DD}.Debug|iPhone.Build.0 = Debug|Any CPU
		{B6E27475-E7D0-448C-A5CC-5097DCA1E2DD}.Debug|iPhoneSimulator.ActiveCfg = Debug|Any CPU
		{B6E27475-E7D0-448C-A5CC-5097DCA1E2DD}.Debug|iPhoneSimulator.Build.0 = Debug|Any CPU
		{B6E27475-E7D0-448C-A5CC-5097DCA1E2DD}.Release|Any CPU.ActiveCfg = Release|Any CPU
		{B6E27475-E7D0-448C-A5CC-5097DCA1E2DD}.Release|Any CPU.Build.0 = Release|Any CPU
		{B6E27475-E7D0-448C-A5CC-5097DCA1E2DD}.Release|iPhone.ActiveCfg = Release|Any CPU
		{B6E27475-E7D0-448C-A5CC-5097DCA1E2DD}.Release|iPhone.Build.0 = Release|Any CPU
		{B6E27475-E7D0-448C-A5CC-5097DCA1E2DD}.Release|iPhoneSimulator.ActiveCfg = Release|Any CPU
		{B6E27475-E7D0-448C-A5CC-5097DCA1E2DD}.Release|iPhoneSimulator.Build.0 = Release|Any CPU
		{BBBCD850-E7CB-4B6C-86D9-CE01F2B1C81C}.Ad-Hoc|iPhone.ActiveCfg = Debug|Any CPU
		{BBBCD850-E7CB-4B6C-86D9-CE01F2B1C81C}.Ad-Hoc|iPhone.Build.0 = Debug|Any CPU
		{BBBCD850-E7CB-4B6C-86D9-CE01F2B1C81C}.AppStore|iPhone.ActiveCfg = Debug|Any CPU
		{BBBCD850-E7CB-4B6C-86D9-CE01F2B1C81C}.AppStore|iPhone.Build.0 = Debug|Any CPU
		{BBBCD850-E7CB-4B6C-86D9-CE01F2B1C81C}.Debug|Any CPU.ActiveCfg = Debug|Any CPU
		{BBBCD850-E7CB-4B6C-86D9-CE01F2B1C81C}.Debug|Any CPU.Build.0 = Debug|Any CPU
		{BBBCD850-E7CB-4B6C-86D9-CE01F2B1C81C}.Debug|iPhone.ActiveCfg = Debug|Any CPU
		{BBBCD850-E7CB-4B6C-86D9-CE01F2B1C81C}.Debug|iPhone.Build.0 = Debug|Any CPU
		{BBBCD850-E7CB-4B6C-86D9-CE01F2B1C81C}.Debug|iPhoneSimulator.ActiveCfg = Debug|Any CPU
		{BBBCD850-E7CB-4B6C-86D9-CE01F2B1C81C}.Debug|iPhoneSimulator.Build.0 = Debug|Any CPU
		{BBBCD850-E7CB-4B6C-86D9-CE01F2B1C81C}.Release|Any CPU.ActiveCfg = Release|Any CPU
		{BBBCD850-E7CB-4B6C-86D9-CE01F2B1C81C}.Release|Any CPU.Build.0 = Release|Any CPU
		{BBBCD850-E7CB-4B6C-86D9-CE01F2B1C81C}.Release|iPhone.ActiveCfg = Release|Any CPU
		{BBBCD850-E7CB-4B6C-86D9-CE01F2B1C81C}.Release|iPhone.Build.0 = Release|Any CPU
		{BBBCD850-E7CB-4B6C-86D9-CE01F2B1C81C}.Release|iPhoneSimulator.ActiveCfg = Release|Any CPU
		{BBBCD850-E7CB-4B6C-86D9-CE01F2B1C81C}.Release|iPhoneSimulator.Build.0 = Release|Any CPU
		{CAF8935F-56FE-4485-9D34-4A38FE79F6C9}.Ad-Hoc|iPhone.ActiveCfg = Ad-Hoc|Any CPU
		{CAF8935F-56FE-4485-9D34-4A38FE79F6C9}.AppStore|iPhone.ActiveCfg = AppStore|Any CPU
		{CAF8935F-56FE-4485-9D34-4A38FE79F6C9}.Debug|Any CPU.ActiveCfg = Debug|Any CPU
		{CAF8935F-56FE-4485-9D34-4A38FE79F6C9}.Debug|Any CPU.Build.0 = Debug|Any CPU
		{CAF8935F-56FE-4485-9D34-4A38FE79F6C9}.Debug|iPhone.ActiveCfg = Debug|Any CPU
		{CAF8935F-56FE-4485-9D34-4A38FE79F6C9}.Debug|iPhoneSimulator.ActiveCfg = Debug|Any CPU
		{CAF8935F-56FE-4485-9D34-4A38FE79F6C9}.Release|Any CPU.ActiveCfg = Release|Any CPU
		{CAF8935F-56FE-4485-9D34-4A38FE79F6C9}.Release|Any CPU.Build.0 = Release|Any CPU
		{CAF8935F-56FE-4485-9D34-4A38FE79F6C9}.Release|iPhone.ActiveCfg = Release|Any CPU
		{CAF8935F-56FE-4485-9D34-4A38FE79F6C9}.Release|iPhoneSimulator.ActiveCfg = Release|Any CPU
		{CFF6F25A-3C3B-44EE-A54C-2ED4AAFF3ADB}.Ad-Hoc|iPhone.ActiveCfg = Debug|Any CPU
		{CFF6F25A-3C3B-44EE-A54C-2ED4AAFF3ADB}.Ad-Hoc|iPhone.Build.0 = Debug|Any CPU
		{CFF6F25A-3C3B-44EE-A54C-2ED4AAFF3ADB}.AppStore|iPhone.ActiveCfg = Debug|Any CPU
		{CFF6F25A-3C3B-44EE-A54C-2ED4AAFF3ADB}.AppStore|iPhone.Build.0 = Debug|Any CPU
		{CFF6F25A-3C3B-44EE-A54C-2ED4AAFF3ADB}.Debug|Any CPU.ActiveCfg = Debug|Any CPU
		{CFF6F25A-3C3B-44EE-A54C-2ED4AAFF3ADB}.Debug|Any CPU.Build.0 = Debug|Any CPU
		{CFF6F25A-3C3B-44EE-A54C-2ED4AAFF3ADB}.Debug|iPhone.ActiveCfg = Debug|Any CPU
		{CFF6F25A-3C3B-44EE-A54C-2ED4AAFF3ADB}.Debug|iPhone.Build.0 = Debug|Any CPU
		{CFF6F25A-3C3B-44EE-A54C-2ED4AAFF3ADB}.Debug|iPhoneSimulator.ActiveCfg = Debug|Any CPU
		{CFF6F25A-3C3B-44EE-A54C-2ED4AAFF3ADB}.Debug|iPhoneSimulator.Build.0 = Debug|Any CPU
		{CFF6F25A-3C3B-44EE-A54C-2ED4AAFF3ADB}.Release|Any CPU.ActiveCfg = Release|Any CPU
		{CFF6F25A-3C3B-44EE-A54C-2ED4AAFF3ADB}.Release|Any CPU.Build.0 = Release|Any CPU
		{CFF6F25A-3C3B-44EE-A54C-2ED4AAFF3ADB}.Release|iPhone.ActiveCfg = Release|Any CPU
		{CFF6F25A-3C3B-44EE-A54C-2ED4AAFF3ADB}.Release|iPhone.Build.0 = Release|Any CPU
		{CFF6F25A-3C3B-44EE-A54C-2ED4AAFF3ADB}.Release|iPhoneSimulator.ActiveCfg = Release|Any CPU
		{CFF6F25A-3C3B-44EE-A54C-2ED4AAFF3ADB}.Release|iPhoneSimulator.Build.0 = Release|Any CPU
		{D89351C1-D48F-4AD0-A0B9-353A93425AB7}.Ad-Hoc|iPhone.ActiveCfg = Debug|Any CPU
		{D89351C1-D48F-4AD0-A0B9-353A93425AB7}.Ad-Hoc|iPhone.Build.0 = Debug|Any CPU
		{D89351C1-D48F-4AD0-A0B9-353A93425AB7}.AppStore|iPhone.ActiveCfg = Debug|Any CPU
		{D89351C1-D48F-4AD0-A0B9-353A93425AB7}.AppStore|iPhone.Build.0 = Debug|Any CPU
		{D89351C1-D48F-4AD0-A0B9-353A93425AB7}.Debug|Any CPU.ActiveCfg = Debug|Any CPU
		{D89351C1-D48F-4AD0-A0B9-353A93425AB7}.Debug|Any CPU.Build.0 = Debug|Any CPU
		{D89351C1-D48F-4AD0-A0B9-353A93425AB7}.Debug|iPhone.ActiveCfg = Debug|Any CPU
		{D89351C1-D48F-4AD0-A0B9-353A93425AB7}.Debug|iPhone.Build.0 = Debug|Any CPU
		{D89351C1-D48F-4AD0-A0B9-353A93425AB7}.Debug|iPhoneSimulator.ActiveCfg = Debug|Any CPU
		{D89351C1-D48F-4AD0-A0B9-353A93425AB7}.Debug|iPhoneSimulator.Build.0 = Debug|Any CPU
		{D89351C1-D48F-4AD0-A0B9-353A93425AB7}.Release|Any CPU.ActiveCfg = Release|Any CPU
		{D89351C1-D48F-4AD0-A0B9-353A93425AB7}.Release|Any CPU.Build.0 = Release|Any CPU
		{D89351C1-D48F-4AD0-A0B9-353A93425AB7}.Release|iPhone.ActiveCfg = Release|Any CPU
		{D89351C1-D48F-4AD0-A0B9-353A93425AB7}.Release|iPhone.Build.0 = Release|Any CPU
		{D89351C1-D48F-4AD0-A0B9-353A93425AB7}.Release|iPhoneSimulator.ActiveCfg = Release|Any CPU
		{D89351C1-D48F-4AD0-A0B9-353A93425AB7}.Release|iPhoneSimulator.Build.0 = Release|Any CPU
		{E042EDD9-E89D-4928-BF4D-27F0FC29CEDA}.Ad-Hoc|iPhone.ActiveCfg = Debug|Any CPU
		{E042EDD9-E89D-4928-BF4D-27F0FC29CEDA}.Ad-Hoc|iPhone.Build.0 = Debug|Any CPU
		{E042EDD9-E89D-4928-BF4D-27F0FC29CEDA}.AppStore|iPhone.ActiveCfg = Debug|Any CPU
		{E042EDD9-E89D-4928-BF4D-27F0FC29CEDA}.AppStore|iPhone.Build.0 = Debug|Any CPU
		{E042EDD9-E89D-4928-BF4D-27F0FC29CEDA}.Debug|Any CPU.ActiveCfg = Debug|Any CPU
		{E042EDD9-E89D-4928-BF4D-27F0FC29CEDA}.Debug|Any CPU.Build.0 = Debug|Any CPU
		{E042EDD9-E89D-4928-BF4D-27F0FC29CEDA}.Debug|iPhone.ActiveCfg = Debug|Any CPU
		{E042EDD9-E89D-4928-BF4D-27F0FC29CEDA}.Debug|iPhone.Build.0 = Debug|Any CPU
		{E042EDD9-E89D-4928-BF4D-27F0FC29CEDA}.Debug|iPhoneSimulator.ActiveCfg = Debug|Any CPU
		{E042EDD9-E89D-4928-BF4D-27F0FC29CEDA}.Debug|iPhoneSimulator.Build.0 = Debug|Any CPU
		{E042EDD9-E89D-4928-BF4D-27F0FC29CEDA}.Release|Any CPU.ActiveCfg = Release|Any CPU
		{E042EDD9-E89D-4928-BF4D-27F0FC29CEDA}.Release|Any CPU.Build.0 = Release|Any CPU
		{E042EDD9-E89D-4928-BF4D-27F0FC29CEDA}.Release|iPhone.ActiveCfg = Release|Any CPU
		{E042EDD9-E89D-4928-BF4D-27F0FC29CEDA}.Release|iPhone.Build.0 = Release|Any CPU
		{E042EDD9-E89D-4928-BF4D-27F0FC29CEDA}.Release|iPhoneSimulator.ActiveCfg = Release|Any CPU
		{E042EDD9-E89D-4928-BF4D-27F0FC29CEDA}.Release|iPhoneSimulator.Build.0 = Release|Any CPU
		{F0CB8C44-772D-4E56-80B6-1681787370A4}.Ad-Hoc|iPhone.ActiveCfg = Ad-Hoc|Any CPU
		{F0CB8C44-772D-4E56-80B6-1681787370A4}.AppStore|iPhone.ActiveCfg = AppStore|Any CPU
		{F0CB8C44-772D-4E56-80B6-1681787370A4}.Debug|Any CPU.ActiveCfg = Debug|Any CPU
		{F0CB8C44-772D-4E56-80B6-1681787370A4}.Debug|Any CPU.Build.0 = Debug|Any CPU
		{F0CB8C44-772D-4E56-80B6-1681787370A4}.Debug|iPhone.ActiveCfg = Debug|Any CPU
		{F0CB8C44-772D-4E56-80B6-1681787370A4}.Debug|iPhoneSimulator.ActiveCfg = Debug|Any CPU
		{F0CB8C44-772D-4E56-80B6-1681787370A4}.Release|Any CPU.ActiveCfg = Release|Any CPU
		{F0CB8C44-772D-4E56-80B6-1681787370A4}.Release|Any CPU.Build.0 = Release|Any CPU
		{F0CB8C44-772D-4E56-80B6-1681787370A4}.Release|iPhone.ActiveCfg = Release|Any CPU
		{F0CB8C44-772D-4E56-80B6-1681787370A4}.Release|iPhoneSimulator.ActiveCfg = Release|Any CPU
	EndGlobalSection
	GlobalSection(NestedProjects) = preSolution
		{B6E27475-E7D0-448C-A5CC-5097DCA1E2DD} = {601985E7-A534-481D-99D8-A3C3FF7E8A75}
		{CFF6F25A-3C3B-44EE-A54C-2ED4AAFF3ADB} = {601985E7-A534-481D-99D8-A3C3FF7E8A75}
		{CAF8935F-56FE-4485-9D34-4A38FE79F6C9} = {601985E7-A534-481D-99D8-A3C3FF7E8A75}
		{7A6BE137-D0F1-46A1-AE5C-81FAEEDDDF02} = {601985E7-A534-481D-99D8-A3C3FF7E8A75}
		{64DCD397-9019-41E8-A928-E5F5C5DF185B} = {601985E7-A534-481D-99D8-A3C3FF7E8A75}
		{D89351C1-D48F-4AD0-A0B9-353A93425AB7} = {601985E7-A534-481D-99D8-A3C3FF7E8A75}
		{72D13EE1-53A3-4A9F-9281-AE44CC5E92AC} = {601985E7-A534-481D-99D8-A3C3FF7E8A75}
		{47FD89C3-19DC-4BD2-9B6D-FB8363BE7EB9} = {601985E7-A534-481D-99D8-A3C3FF7E8A75}
		{5B74F15E-E377-4662-9636-4233049EDDC3} = {601985E7-A534-481D-99D8-A3C3FF7E8A75}
		{BBBCD850-E7CB-4B6C-86D9-CE01F2B1C81C} = {601985E7-A534-481D-99D8-A3C3FF7E8A75}
		{913B13B5-7B2C-4DDA-BECB-DADC827ED895} = {601985E7-A534-481D-99D8-A3C3FF7E8A75}
		{E042EDD9-E89D-4928-BF4D-27F0FC29CEDA} = {601985E7-A534-481D-99D8-A3C3FF7E8A75}
	EndGlobalSection
	GlobalSection(MonoDevelopProperties) = preSolution
		StartupItem = MvxTabs.Touch\MvxTabs.Touch.csproj
	EndGlobalSection
EndGlobal
