
Microsoft Visual Studio Solution File, Format Version 12.00
# Visual Studio 2012
Project("{FAE04EC0-301F-11D3-BF4B-00C04F79EFBC}") = "Core", "Core\Core.csproj", "{609BFB0E-F44B-48DE-AAB8-2BC97EC51289}"
EndProject
Project("{FAE04EC0-301F-11D3-BF4B-00C04F79EFBC}") = "Droid", "Droid\Droid.csproj", "{BC10C6B1-D007-4894-ABDF-CF0F5AAD0018}"
EndProject
Project("{FAE04EC0-301F-11D3-BF4B-00C04F79EFBC}") = "Touch", "Touch\Touch.csproj", "{55BEE64A-072F-4749-8916-75E013FF8D06}"
EndProject
Global
	GlobalSection(SolutionConfigurationPlatforms) = preSolution
		Debug|Any CPU = Debug|Any CPU
		Release|Any CPU = Release|Any CPU
		Debug|iPhoneSimulator = Debug|iPhoneSimulator
		Release|iPhoneSimulator = Release|iPhoneSimulator
		Debug|iPhone = Debug|iPhone
		Release|iPhone = Release|iPhone
		Ad-Hoc|iPhone = Ad-Hoc|iPhone
		AppStore|iPhone = AppStore|iPhone
	EndGlobalSection
	GlobalSection(ProjectConfigurationPlatforms) = postSolution
		{55BEE64A-072F-4749-8916-75E013FF8D06}.Ad-Hoc|iPhone.ActiveCfg = Ad-Hoc|iPhone
		{55BEE64A-072F-4749-8916-75E013FF8D06}.Ad-Hoc|iPhone.Build.0 = Ad-Hoc|iPhone
		{55BEE64A-072F-4749-8916-75E013FF8D06}.AppStore|iPhone.ActiveCfg = AppStore|iPhone
		{55BEE64A-072F-4749-8916-75E013FF8D06}.AppStore|iPhone.Build.0 = AppStore|iPhone
		{55BEE64A-072F-4749-8916-75E013FF8D06}.Debug|Any CPU.ActiveCfg = Debug|iPhoneSimulator
		{55BEE64A-072F-4749-8916-75E013FF8D06}.Debug|Any CPU.Build.0 = Debug|iPhoneSimulator
		{55BEE64A-072F-4749-8916-75E013FF8D06}.Debug|iPhone.ActiveCfg = Debug|iPhone
		{55BEE64A-072F-4749-8916-75E013FF8D06}.Debug|iPhone.Build.0 = Debug|iPhone
		{55BEE64A-072F-4749-8916-75E013FF8D06}.Debug|iPhoneSimulator.ActiveCfg = Debug|iPhoneSimulator
		{55BEE64A-072F-4749-8916-75E013FF8D06}.Debug|iPhoneSimulator.Build.0 = Debug|iPhoneSimulator
		{55BEE64A-072F-4749-8916-75E013FF8D06}.Release|Any CPU.ActiveCfg = Release|iPhoneSimulator
		{55BEE64A-072F-4749-8916-75E013FF8D06}.Release|Any CPU.Build.0 = Release|iPhoneSimulator
		{55BEE64A-072F-4749-8916-75E013FF8D06}.Release|iPhone.ActiveCfg = Release|iPhone
		{55BEE64A-072F-4749-8916-75E013FF8D06}.Release|iPhone.Build.0 = Release|iPhone
		{55BEE64A-072F-4749-8916-75E013FF8D06}.Release|iPhoneSimulator.ActiveCfg = Release|iPhoneSimulator
		{55BEE64A-072F-4749-8916-75E013FF8D06}.Release|iPhoneSimulator.Build.0 = Release|iPhoneSimulator
		{609BFB0E-F44B-48DE-AAB8-2BC97EC51289}.Ad-Hoc|iPhone.ActiveCfg = Debug|Any CPU
		{609BFB0E-F44B-48DE-AAB8-2BC97EC51289}.Ad-Hoc|iPhone.Build.0 = Debug|Any CPU
		{609BFB0E-F44B-48DE-AAB8-2BC97EC51289}.AppStore|iPhone.ActiveCfg = Debug|Any CPU
		{609BFB0E-F44B-48DE-AAB8-2BC97EC51289}.AppStore|iPhone.Build.0 = Debug|Any CPU
		{609BFB0E-F44B-48DE-AAB8-2BC97EC51289}.Debug|Any CPU.ActiveCfg = Debug|Any CPU
		{609BFB0E-F44B-48DE-AAB8-2BC97EC51289}.Debug|Any CPU.Build.0 = Debug|Any CPU
		{609BFB0E-F44B-48DE-AAB8-2BC97EC51289}.Debug|iPhone.ActiveCfg = Debug|Any CPU
		{609BFB0E-F44B-48DE-AAB8-2BC97EC51289}.Debug|iPhone.Build.0 = Debug|Any CPU
		{609BFB0E-F44B-48DE-AAB8-2BC97EC51289}.Debug|iPhoneSimulator.ActiveCfg = Debug|Any CPU
		{609BFB0E-F44B-48DE-AAB8-2BC97EC51289}.Debug|iPhoneSimulator.Build.0 = Debug|Any CPU
		{609BFB0E-F44B-48DE-AAB8-2BC97EC51289}.Release|Any CPU.ActiveCfg = Release|Any CPU
		{609BFB0E-F44B-48DE-AAB8-2BC97EC51289}.Release|Any CPU.Build.0 = Release|Any CPU
		{609BFB0E-F44B-48DE-AAB8-2BC97EC51289}.Release|iPhone.ActiveCfg = Release|Any CPU
		{609BFB0E-F44B-48DE-AAB8-2BC97EC51289}.Release|iPhone.Build.0 = Release|Any CPU
		{609BFB0E-F44B-48DE-AAB8-2BC97EC51289}.Release|iPhoneSimulator.ActiveCfg = Release|Any CPU
		{609BFB0E-F44B-48DE-AAB8-2BC97EC51289}.Release|iPhoneSimulator.Build.0 = Release|Any CPU
		{BC10C6B1-D007-4894-ABDF-CF0F5AAD0018}.Ad-Hoc|iPhone.ActiveCfg = Debug|Any CPU
		{BC10C6B1-D007-4894-ABDF-CF0F5AAD0018}.Ad-Hoc|iPhone.Build.0 = Debug|Any CPU
		{BC10C6B1-D007-4894-ABDF-CF0F5AAD0018}.AppStore|iPhone.ActiveCfg = Debug|Any CPU
		{BC10C6B1-D007-4894-ABDF-CF0F5AAD0018}.AppStore|iPhone.Build.0 = Debug|Any CPU
		{BC10C6B1-D007-4894-ABDF-CF0F5AAD0018}.Debug|Any CPU.ActiveCfg = Debug|Any CPU
		{BC10C6B1-D007-4894-ABDF-CF0F5AAD0018}.Debug|Any CPU.Build.0 = Debug|Any CPU
		{BC10C6B1-D007-4894-ABDF-CF0F5AAD0018}.Debug|iPhone.ActiveCfg = Debug|Any CPU
		{BC10C6B1-D007-4894-ABDF-CF0F5AAD0018}.Debug|iPhone.Build.0 = Debug|Any CPU
		{BC10C6B1-D007-4894-ABDF-CF0F5AAD0018}.Debug|iPhoneSimulator.ActiveCfg = Debug|Any CPU
		{BC10C6B1-D007-4894-ABDF-CF0F5AAD0018}.Debug|iPhoneSimulator.Build.0 = Debug|Any CPU
		{BC10C6B1-D007-4894-ABDF-CF0F5AAD0018}.Release|Any CPU.ActiveCfg = Release|Any CPU
		{BC10C6B1-D007-4894-ABDF-CF0F5AAD0018}.Release|Any CPU.Build.0 = Release|Any CPU
		{BC10C6B1-D007-4894-ABDF-CF0F5AAD0018}.Release|iPhone.ActiveCfg = Release|Any CPU
		{BC10C6B1-D007-4894-ABDF-CF0F5AAD0018}.Release|iPhone.Build.0 = Release|Any CPU
		{BC10C6B1-D007-4894-ABDF-CF0F5AAD0018}.Release|iPhoneSimulator.ActiveCfg = Release|Any CPU
		{BC10C6B1-D007-4894-ABDF-CF0F5AAD0018}.Release|iPhoneSimulator.Build.0 = Release|Any CPU
	EndGlobalSection
	GlobalSection(MonoDevelopProperties) = preSolution
		StartupItem = Core\Core.csproj
	EndGlobalSection
EndGlobal
